
Microsoft Visual Studio Solution File, Format Version 12.00
# Visual Studio Version 17
VisualStudioVersion = 17.7.34024.191
MinimumVisualStudioVersion = 10.0.40219.1
Project("{2150E333-8FDC-42A3-9474-1A3956D46DE8}") = "src", "src", "{4CCAD7E3-98B8-4A9B-A900-073295F99626}"
EndProject
Project("{2150E333-8FDC-42A3-9474-1A3956D46DE8}") = "App", "App", "{D9924161-98E1-4D96-B3A6-46FD7F4B55B5}"
EndProject
Project("{2150E333-8FDC-42A3-9474-1A3956D46DE8}") = "Libreries", "Libreries", "{76B32E54-BED3-4377-95F5-AD882A769ABC}"
EndProject
Project("{FAE04EC0-301F-11D3-BF4B-00C04F79EFBC}") = "RoleBased.Backend", "RoleBased.Backend\RoleBased.Backend.csproj", "{412D5C38-BC5A-4F16-954D-F177C94318E8}"
EndProject
Project("{2150E333-8FDC-42A3-9474-1A3956D46DE8}") = "Domain", "Domain", "{4D2CB84C-2009-415C-9065-F92D52D74F56}"
EndProject
Project("{2150E333-8FDC-42A3-9474-1A3956D46DE8}") = "Infractructure", "Infractructure", "{5FC80DFB-7C36-4C41-8A3E-84AAE944ED2E}"
EndProject
Project("{FAE04EC0-301F-11D3-BF4B-00C04F79EFBC}") = "RoleBased.Model", "RoleBased.Model\RoleBased.Model.csproj", "{A1BB8959-E91D-40D5-923A-1E5DE4E9061B}"
EndProject
Project("{FAE04EC0-301F-11D3-BF4B-00C04F79EFBC}") = "RoleBased.Repository", "RoleBased.Repository\RoleBased.Repository.csproj", "{6A79B531-8841-4798-8BE0-CB771F6CF4E7}"
EndProject
Project("{FAE04EC0-301F-11D3-BF4B-00C04F79EFBC}") = "RoleBased.Shared", "RoleBased.Shared\RoleBased.Shared.csproj", "{2FCEB008-332D-4D21-8A7A-34F4ADE1A97F}"
EndProject
Project("{FAE04EC0-301F-11D3-BF4B-00C04F79EFBC}") = "RoleBased.Core", "RoleBased.Core\RoleBased.Core.csproj", "{B470FBCF-53D7-40F8-8EAF-5BBDB77C6B55}"
EndProject
Project("{FAE04EC0-301F-11D3-BF4B-00C04F79EFBC}") = "RoleBased.Infractructure", "RoleBased.Infractructure\RoleBased.Infractructure.csproj", "{3081C39E-E08C-49A7-AEAF-1F3654239D2B}"
EndProject
Project("{FAE04EC0-301F-11D3-BF4B-00C04F79EFBC}") = "RoleBased.IoC.Configuration", "RoleBased.IoC.Configuration\RoleBased.IoC.Configuration.csproj", "{85DCA328-20B4-4E93-955F-D39905B1584F}"
EndProject
Project("{FAE04EC0-301F-11D3-BF4B-00C04F79EFBC}") = "RoleBased.Service.Model", "RoleBased.Service.Model\RoleBased.Service.Model.csproj", "{B161608D-55F0-4265-BD71-784BF06F8BA5}"
EndProject
Project("{FAE04EC0-301F-11D3-BF4B-00C04F79EFBC}") = "RoleBased.Frontend", "RoleBased.Frontend\RoleBased.Frontend.csproj", "{D3AFC7BA-7F99-4863-B752-B20250F1E2C9}"
EndProject
Global
	GlobalSection(SolutionConfigurationPlatforms) = preSolution
		Debug|Any CPU = Debug|Any CPU
		Release|Any CPU = Release|Any CPU
	EndGlobalSection
	GlobalSection(ProjectConfigurationPlatforms) = postSolution
		{412D5C38-BC5A-4F16-954D-F177C94318E8}.Debug|Any CPU.ActiveCfg = Debug|Any CPU
		{412D5C38-BC5A-4F16-954D-F177C94318E8}.Debug|Any CPU.Build.0 = Debug|Any CPU
		{412D5C38-BC5A-4F16-954D-F177C94318E8}.Release|Any CPU.ActiveCfg = Release|Any CPU
		{412D5C38-BC5A-4F16-954D-F177C94318E8}.Release|Any CPU.Build.0 = Release|Any CPU
		{A1BB8959-E91D-40D5-923A-1E5DE4E9061B}.Debug|Any CPU.ActiveCfg = Debug|Any CPU
		{A1BB8959-E91D-40D5-923A-1E5DE4E9061B}.Debug|Any CPU.Build.0 = Debug|Any CPU
		{A1BB8959-E91D-40D5-923A-1E5DE4E9061B}.Release|Any CPU.ActiveCfg = Release|Any CPU
		{A1BB8959-E91D-40D5-923A-1E5DE4E9061B}.Release|Any CPU.Build.0 = Release|Any CPU
		{6A79B531-8841-4798-8BE0-CB771F6CF4E7}.Debug|Any CPU.ActiveCfg = Debug|Any CPU
		{6A79B531-8841-4798-8BE0-CB771F6CF4E7}.Debug|Any CPU.Build.0 = Debug|Any CPU
		{6A79B531-8841-4798-8BE0-CB771F6CF4E7}.Release|Any CPU.ActiveCfg = Release|Any CPU
		{6A79B531-8841-4798-8BE0-CB771F6CF4E7}.Release|Any CPU.Build.0 = Release|Any CPU
		{2FCEB008-332D-4D21-8A7A-34F4ADE1A97F}.Debug|Any CPU.ActiveCfg = Debug|Any CPU
		{2FCEB008-332D-4D21-8A7A-34F4ADE1A97F}.Debug|Any CPU.Build.0 = Debug|Any CPU
		{2FCEB008-332D-4D21-8A7A-34F4ADE1A97F}.Release|Any CPU.ActiveCfg = Release|Any CPU
		{2FCEB008-332D-4D21-8A7A-34F4ADE1A97F}.Release|Any CPU.Build.0 = Release|Any CPU
		{B470FBCF-53D7-40F8-8EAF-5BBDB77C6B55}.Debug|Any CPU.ActiveCfg = Debug|Any CPU
		{B470FBCF-53D7-40F8-8EAF-5BBDB77C6B55}.Debug|Any CPU.Build.0 = Debug|Any CPU
		{B470FBCF-53D7-40F8-8EAF-5BBDB77C6B55}.Release|Any CPU.ActiveCfg = Release|Any CPU
		{B470FBCF-53D7-40F8-8EAF-5BBDB77C6B55}.Release|Any CPU.Build.0 = Release|Any CPU
		{3081C39E-E08C-49A7-AEAF-1F3654239D2B}.Debug|Any CPU.ActiveCfg = Debug|Any CPU
		{3081C39E-E08C-49A7-AEAF-1F3654239D2B}.Debug|Any CPU.Build.0 = Debug|Any CPU
		{3081C39E-E08C-49A7-AEAF-1F3654239D2B}.Release|Any CPU.ActiveCfg = Release|Any CPU
		{3081C39E-E08C-49A7-AEAF-1F3654239D2B}.Release|Any CPU.Build.0 = Release|Any CPU
		{85DCA328-20B4-4E93-955F-D39905B1584F}.Debug|Any CPU.ActiveCfg = Debug|Any CPU
		{85DCA328-20B4-4E93-955F-D39905B1584F}.Debug|Any CPU.Build.0 = Debug|Any CPU
		{85DCA328-20B4-4E93-955F-D39905B1584F}.Release|Any CPU.ActiveCfg = Release|Any CPU
		{85DCA328-20B4-4E93-955F-D39905B1584F}.Release|Any CPU.Build.0 = Release|Any CPU
		{B161608D-55F0-4265-BD71-784BF06F8BA5}.Debug|Any CPU.ActiveCfg = Debug|Any CPU
		{B161608D-55F0-4265-BD71-784BF06F8BA5}.Debug|Any CPU.Build.0 = Debug|Any CPU
		{B161608D-55F0-4265-BD71-784BF06F8BA5}.Release|Any CPU.ActiveCfg = Release|Any CPU
		{B161608D-55F0-4265-BD71-784BF06F8BA5}.Release|Any CPU.Build.0 = Release|Any CPU
		{D3AFC7BA-7F99-4863-B752-B20250F1E2C9}.Debug|Any CPU.ActiveCfg = Debug|Any CPU
		{D3AFC7BA-7F99-4863-B752-B20250F1E2C9}.Debug|Any CPU.Build.0 = Debug|Any CPU
		{D3AFC7BA-7F99-4863-B752-B20250F1E2C9}.Release|Any CPU.ActiveCfg = Release|Any CPU
		{D3AFC7BA-7F99-4863-B752-B20250F1E2C9}.Release|Any CPU.Build.0 = Release|Any CPU
	EndGlobalSection
	GlobalSection(SolutionProperties) = preSolution
		HideSolutionNode = FALSE
	EndGlobalSection
	GlobalSection(NestedProjects) = preSolution
		{D9924161-98E1-4D96-B3A6-46FD7F4B55B5} = {4CCAD7E3-98B8-4A9B-A900-073295F99626}
		{76B32E54-BED3-4377-95F5-AD882A769ABC} = {4CCAD7E3-98B8-4A9B-A900-073295F99626}
		{412D5C38-BC5A-4F16-954D-F177C94318E8} = {D9924161-98E1-4D96-B3A6-46FD7F4B55B5}
		{4D2CB84C-2009-415C-9065-F92D52D74F56} = {76B32E54-BED3-4377-95F5-AD882A769ABC}
		{5FC80DFB-7C36-4C41-8A3E-84AAE944ED2E} = {76B32E54-BED3-4377-95F5-AD882A769ABC}
		{A1BB8959-E91D-40D5-923A-1E5DE4E9061B} = {4D2CB84C-2009-415C-9065-F92D52D74F56}
		{6A79B531-8841-4798-8BE0-CB771F6CF4E7} = {4D2CB84C-2009-415C-9065-F92D52D74F56}
		{2FCEB008-332D-4D21-8A7A-34F4ADE1A97F} = {4D2CB84C-2009-415C-9065-F92D52D74F56}
		{B470FBCF-53D7-40F8-8EAF-5BBDB77C6B55} = {5FC80DFB-7C36-4C41-8A3E-84AAE944ED2E}
		{3081C39E-E08C-49A7-AEAF-1F3654239D2B} = {5FC80DFB-7C36-4C41-8A3E-84AAE944ED2E}
		{85DCA328-20B4-4E93-955F-D39905B1584F} = {5FC80DFB-7C36-4C41-8A3E-84AAE944ED2E}
		{B161608D-55F0-4265-BD71-784BF06F8BA5} = {5FC80DFB-7C36-4C41-8A3E-84AAE944ED2E}
		{D3AFC7BA-7F99-4863-B752-B20250F1E2C9} = {D9924161-98E1-4D96-B3A6-46FD7F4B55B5}
	EndGlobalSection
	GlobalSection(ExtensibilityGlobals) = postSolution
		SolutionGuid = {E3835AEC-E909-4FB6-AA2D-5635F6888637}
	EndGlobalSection
EndGlobal
